<?xml version="1.0" encoding="utf-8"?>
<Project ToolsVersion="4.0" xmlns="http://schemas.microsoft.com/developer/msbuild/2003">
  <ItemGroup>
    <Filter Include="src">
      <UniqueIdentifier>{2DAB880B-99B4-887C-2230-9F7C8E38947C}</UniqueIdentifier>
    </Filter>
    <Filter Include="src\Core">
      <UniqueIdentifier>{A5D31CCF-91A0-77DA-BAB9-6582A6E5AC68}</UniqueIdentifier>
    </Filter>
    <Filter Include="src\ECS">
      <UniqueIdentifier>{F76D2FA9-634D-AE44-6C65-391BD8C314A6}</UniqueIdentifier>
    </Filter>
    <Filter Include="src\ECS\Components">
      <UniqueIdentifier>{AC4A8D64-982E-4EBA-018F-480DED91383C}</UniqueIdentifier>
    </Filter>
    <Filter Include="src\Layers">
      <UniqueIdentifier>{4C4DA51D-3805-E76A-A10C-C0C68DE3815B}</UniqueIdentifier>
    </Filter>
    <Filter Include="src\Physics2D">
      <UniqueIdentifier>{15F6A409-81B6-2040-4AF1-69BDB670651C}</UniqueIdentifier>
    </Filter>
    <Filter Include="src\Platforms">
      <UniqueIdentifier>{B40E5C85-20CF-D7BB-E909-213955891C98}</UniqueIdentifier>
    </Filter>
    <Filter Include="src\Platforms\OpenGL">
      <UniqueIdentifier>{68A52600-5434-B0C9-FD52-C4C4E9C0C06F}</UniqueIdentifier>
    </Filter>
    <Filter Include="src\Platforms\Windows">
      <UniqueIdentifier>{EE2C175D-5A99-D257-238D-6AB58FB8F4BF}</UniqueIdentifier>
    </Filter>
    <Filter Include="src\Renderer">
      <UniqueIdentifier>{73D1DFBF-5F34-6F64-08BA-A71AF4FB3AE7}</UniqueIdentifier>
    </Filter>
    <Filter Include="src\ResourceManager">
      <UniqueIdentifier>{3F4EAE55-ABAF-8B63-341D-D215A07DC222}</UniqueIdentifier>
    </Filter>
    <Filter Include="src\Scenes">
      <UniqueIdentifier>{BDC7122E-A97F-547B-1287-2DD7FE5DEF6B}</UniqueIdentifier>
    </Filter>
    <Filter Include="vendor">
      <UniqueIdentifier>{B3738122-9F15-ACF8-88D0-BF4C74113349}</UniqueIdentifier>
    </Filter>
    <Filter Include="vendor\stb">
      <UniqueIdentifier>{8BD3C5A8-778B-07F6-E092-E051CC69A2E6}</UniqueIdentifier>
    </Filter>
    <Filter Include="vendor\stb\stb">
      <UniqueIdentifier>{635F6677-4F2D-5A7D-38C1-CAA3242E36E2}</UniqueIdentifier>
    </Filter>
  </ItemGroup>
  <ItemGroup>
    <ClInclude Include="src\Almond.h">
      <Filter>src</Filter>
    </ClInclude>
    <ClInclude Include="src\Core\AlmondApplication.h">
      <Filter>src\Core</Filter>
    </ClInclude>
    <ClInclude Include="src\Core\Base.h">
      <Filter>src\Core</Filter>
    </ClInclude>
    <ClInclude Include="src\Core\EntryPoint.h">
      <Filter>src\Core</Filter>
    </ClInclude>
    <ClInclude Include="src\Core\Input.h">
      <Filter>src\Core</Filter>
    </ClInclude>
    <ClInclude Include="src\Core\Layer.h">
      <Filter>src\Core</Filter>
    </ClInclude>
    <ClInclude Include="src\Core\LayerStack.h">
      <Filter>src\Core</Filter>
    </ClInclude>
    <ClInclude Include="src\Core\TimeStep.h">
      <Filter>src\Core</Filter>
    </ClInclude>
    <ClInclude Include="src\Core\Window.h">
      <Filter>src\Core</Filter>
    </ClInclude>
    <ClInclude Include="src\ECS\ComponentManager.h">
      <Filter>src\ECS</Filter>
    </ClInclude>
    <ClInclude Include="src\ECS\Components\BoxCollider2D.h">
      <Filter>src\ECS\Components</Filter>
    </ClInclude>
    <ClInclude Include="src\ECS\Components\RigidBody.h">
      <Filter>src\ECS\Components</Filter>
    </ClInclude>
    <ClInclude Include="src\ECS\Components\SpriteRenderer.h">
      <Filter>src\ECS\Components</Filter>
    </ClInclude>
    <ClInclude Include="src\ECS\Components\TagComponent.h">
      <Filter>src\ECS\Components</Filter>
    </ClInclude>
    <ClInclude Include="src\ECS\Components\Transform.h">
      <Filter>src\ECS\Components</Filter>
    </ClInclude>
    <ClInclude Include="src\ECS\ECS.h">
      <Filter>src\ECS</Filter>
    </ClInclude>
    <ClInclude Include="src\ECS\ECSTypes.h">
      <Filter>src\ECS</Filter>
    </ClInclude>
    <ClInclude Include="src\ECS\EntitiyManager.h">
      <Filter>src\ECS</Filter>
    </ClInclude>
    <ClInclude Include="src\ECS\Entity.h">
      <Filter>src\ECS</Filter>
    </ClInclude>
    <ClInclude Include="src\ECS\SceneView.h">
      <Filter>src\ECS</Filter>
    </ClInclude>
    <ClInclude Include="src\ECS\SystemManager.h">
      <Filter>src\ECS</Filter>
    </ClInclude>
    <ClInclude Include="src\Layers\ImGuiLayer.h">
      <Filter>src\Layers</Filter>
    </ClInclude>
    <ClInclude Include="src\Layers\InputLayer.h">
      <Filter>src\Layers</Filter>
    </ClInclude>
    <ClInclude Include="src\Physics2D\DebugDrawBox2D.h">
      <Filter>src\Physics2D</Filter>
    </ClInclude>
    <ClInclude Include="src\Physics2D\Geometry2D.h">
      <Filter>src\Physics2D</Filter>
    </ClInclude>
    <ClInclude Include="src\Physics2D\Physics2D.h">
      <Filter>src\Physics2D</Filter>
    </ClInclude>
    <ClInclude Include="src\Platforms\Windows\WindowsWindow.h">
      <Filter>src\Platforms\Windows</Filter>
    </ClInclude>
    <ClInclude Include="src\Renderer\CPUBatched_Renderer.h">
      <Filter>src\Renderer</Filter>
    </ClInclude>
    <ClInclude Include="src\Renderer\Camera.h">
      <Filter>src\Renderer</Filter>
    </ClInclude>
    <ClInclude Include="src\Renderer\EditorCamera.h">
      <Filter>src\Renderer</Filter>
    </ClInclude>
    <ClInclude Include="src\Renderer\GLCall.h">
      <Filter>src\Renderer</Filter>
    </ClInclude>
    <ClInclude Include="src\Renderer\GPUBatched_Renderer.h">
      <Filter>src\Renderer</Filter>
    </ClInclude>
    <ClInclude Include="src\Renderer\OpenGLBuffer.h">
      <Filter>src\Renderer</Filter>
    </ClInclude>
    <ClInclude Include="src\Renderer\OpenGLRenderCommand.h">
      <Filter>src\Renderer</Filter>
    </ClInclude>
    <ClInclude Include="src\Renderer\OpenGLVertexArray.h">
      <Filter>src\Renderer</Filter>
    </ClInclude>
    <ClInclude Include="src\Renderer\Renderer.h">
      <Filter>src\Renderer</Filter>
    </ClInclude>
    <ClInclude Include="src\Renderer\Shader.h">
      <Filter>src\Renderer</Filter>
    </ClInclude>
    <ClInclude Include="src\Renderer\SpriteSheet.h">
      <Filter>src\Renderer</Filter>
    </ClInclude>
    <ClInclude Include="src\Renderer\Texture.h">
      <Filter>src\Renderer</Filter>
    </ClInclude>
    <ClInclude Include="src\ResourceManager\ResourceManager.h">
      <Filter>src\ResourceManager</Filter>
    </ClInclude>
    <ClInclude Include="src\Scenes\Scene.h">
      <Filter>src\Scenes</Filter>
    </ClInclude>
    <ClInclude Include="src\Scenes\SceneSerializer.h">
      <Filter>src\Scenes</Filter>
    </ClInclude>
    <ClInclude Include="vendor\stb\stb\stb_image.h">
      <Filter>vendor\stb\stb</Filter>
    </ClInclude>
  </ItemGroup>
  <ItemGroup>
    <ClCompile Include="src\Core\AlmondApplication.cpp">
      <Filter>src\Core</Filter>
    </ClCompile>
    <ClCompile Include="src\Core\Input.cpp">
      <Filter>src\Core</Filter>
    </ClCompile>
    <ClCompile Include="src\Core\Layer.cpp">
      <Filter>src\Core</Filter>
    </ClCompile>
    <ClCompile Include="src\Core\LayerStack.cpp">
      <Filter>src\Core</Filter>
    </ClCompile>
    <ClCompile Include="src\Core\Window.cpp">
      <Filter>src\Core</Filter>
    </ClCompile>
    <ClCompile Include="src\ECS\ECSTypes.cpp">
      <Filter>src\ECS</Filter>
    </ClCompile>
    <ClCompile Include="src\Layers\ImGuiLayer.cpp">
      <Filter>src\Layers</Filter>
    </ClCompile>
    <ClCompile Include="src\Physics2D\DebugDrawBox2D.cpp">
      <Filter>src\Physics2D</Filter>
    </ClCompile>
    <ClCompile Include="src\Physics2D\Geometry2D.cpp">
      <Filter>src\Physics2D</Filter>
    </ClCompile>
    <ClCompile Include="src\Physics2D\Physics2D.cpp">
      <Filter>src\Physics2D</Filter>
    </ClCompile>
    <ClCompile Include="src\Platforms\OpenGL\imgui_impl_opengl3.cpp">
      <Filter>src\Platforms\OpenGL</Filter>
    </ClCompile>
    <ClCompile Include="src\Platforms\OpenGL\imgui_impl_sdl.cpp">
      <Filter>src\Platforms\OpenGL</Filter>
    </ClCompile>
    <ClCompile Include="src\Platforms\Windows\WindowsWindow.cpp">
      <Filter>src\Platforms\Windows</Filter>
    </ClCompile>
    <ClCompile Include="src\Renderer\CPUBatched_Renderer.cpp">
      <Filter>src\Renderer</Filter>
    </ClCompile>
    <ClCompile Include="src\Renderer\EditorCamera.cpp">
      <Filter>src\Renderer</Filter>
    </ClCompile>
    <ClCompile Include="src\Renderer\GPUBatched_Renderer.cpp">
      <Filter>src\Renderer</Filter>
    </ClCompile>
    <ClCompile Include="src\Renderer\Shader.cpp">
      <Filter>src\Renderer</Filter>
    </ClCompile>
    <ClCompile Include="src\Renderer\SpriteSheet.cpp">
      <Filter>src\Renderer</Filter>
    </ClCompile>
    <ClCompile Include="src\Renderer\Texture.cpp">
      <Filter>src\Renderer</Filter>
    </ClCompile>
    <ClCompile Include="src\ResourceManager\ResourceManager.cpp">
      <Filter>src\ResourceManager</Filter>
    </ClCompile>
    <ClCompile Include="src\Scenes\Scene.cpp">
      <Filter>src\Scenes</Filter>
    </ClCompile>
    <ClCompile Include="src\Scenes\SceneSerializer.cpp">
      <Filter>src\Scenes</Filter>
    </ClCompile>
    <ClCompile Include="vendor\stb\stb\stb_image.cpp">
      <Filter>vendor\stb\stb</Filter>
    </ClCompile>
  </ItemGroup>
</Project>